// !$*UTF8*$!
{
	archiveVersion = 1;
	classes = {
	};
	objectVersion = 48;
	objects = {

/* Begin PBXBuildFile section */
		58A46C4F20BA6E170006D522 /* AppDelegate.swift in Sources */ = {isa = PBXBuildFile; fileRef = 58A46C4E20BA6E170006D522 /* AppDelegate.swift */; };
		58A46C5120BA6E170006D522 /* ViewController.swift in Sources */ = {isa = PBXBuildFile; fileRef = 58A46C5020BA6E170006D522 /* ViewController.swift */; };
		58A46C5320BA6E170006D522 /* Assets.xcassets in Resources */ = {isa = PBXBuildFile; fileRef = 58A46C5220BA6E170006D522 /* Assets.xcassets */; };
		58A46C5620BA6E170006D522 /* Main.storyboard in Resources */ = {isa = PBXBuildFile; fileRef = 58A46C5420BA6E170006D522 /* Main.storyboard */; };
		58A46C6220BA6E170006D522 /* HelloWorld_1Tests.swift in Sources */ = {isa = PBXBuildFile; fileRef = 58A46C6120BA6E170006D522 /* HelloWorld_1Tests.swift */; };
		58A46C6D20BA6E170006D522 /* HelloWorld_1UITests.swift in Sources */ = {isa = PBXBuildFile; fileRef = 58A46C6C20BA6E170006D522 /* HelloWorld_1UITests.swift */; };
/* End PBXBuildFile section */

/* Begin PBXContainerItemProxy section */
		58A46C5E20BA6E170006D522 /* PBXContainerItemProxy */ = {
			isa = PBXContainerItemProxy;
			containerPortal = 58A46C4320BA6E170006D522 /* Project object */;
			proxyType = 1;
			remoteGlobalIDString = 58A46C4A20BA6E170006D522;
			remoteInfo = "HelloWorld-1";
		};
		58A46C6920BA6E170006D522 /* PBXContainerItemProxy */ = {
			isa = PBXContainerItemProxy;
			containerPortal = 58A46C4320BA6E170006D522 /* Project object */;
			proxyType = 1;
			remoteGlobalIDString = 58A46C4A20BA6E170006D522;
			remoteInfo = "HelloWorld-1";
		};
/* End PBXContainerItemProxy section */

/* Begin PBXFileReference section */
		58A46C4B20BA6E170006D522 /* HelloWorld-1.app */ = {isa = PBXFileReference; explicitFileType = wrapper.application; includeInIndex = 0; path = "HelloWorld-1.app"; sourceTree = BUILT_PRODUCTS_DIR; };
		58A46C4E20BA6E170006D522 /* AppDelegate.swift */ = {isa = PBXFileReference; lastKnownFileType = sourcecode.swift; path = AppDelegate.swift; sourceTree = "<group>"; };
		58A46C5020BA6E170006D522 /* ViewController.swift */ = {isa = PBXFileReference; lastKnownFileType = sourcecode.swift; path = ViewController.swift; sourceTree = "<group>"; };
		58A46C5220BA6E170006D522 /* Assets.xcassets */ = {isa = PBXFileReference; lastKnownFileType = folder.assetcatalog; path = Assets.xcassets; sourceTree = "<group>"; };
		58A46C5520BA6E170006D522 /* Base */ = {isa = PBXFileReference; lastKnownFileType = file.storyboard; name = Base; path = Base.lproj/Main.storyboard; sourceTree = "<group>"; };
		58A46C5720BA6E170006D522 /* Info.plist */ = {isa = PBXFileReference; lastKnownFileType = text.plist.xml; path = Info.plist; sourceTree = "<group>"; };
		58A46C5820BA6E170006D522 /* HelloWorld_1.entitlements */ = {isa = PBXFileReference; lastKnownFileType = text.plist.entitlements; path = HelloWorld_1.entitlements; sourceTree = "<group>"; };
		58A46C5D20BA6E170006D522 /* HelloWorld-1Tests.xctest */ = {isa = PBXFileReference; explicitFileType = wrapper.cfbundle; includeInIndex = 0; path = "HelloWorld-1Tests.xctest"; sourceTree = BUILT_PRODUCTS_DIR; };
		58A46C6120BA6E170006D522 /* HelloWorld_1Tests.swift */ = {isa = PBXFileReference; lastKnownFileType = sourcecode.swift; path = HelloWorld_1Tests.swift; sourceTree = "<group>"; };
		58A46C6320BA6E170006D522 /* Info.plist */ = {isa = PBXFileReference; lastKnownFileType = text.plist.xml; path = Info.plist; sourceTree = "<group>"; };
		58A46C6820BA6E170006D522 /* HelloWorld-1UITests.xctest */ = {isa = PBXFileReference; explicitFileType = wrapper.cfbundle; includeInIndex = 0; path = "HelloWorld-1UITests.xctest"; sourceTree = BUILT_PRODUCTS_DIR; };
		58A46C6C20BA6E170006D522 /* HelloWorld_1UITests.swift */ = {isa = PBXFileReference; lastKnownFileType = sourcecode.swift; path = HelloWorld_1UITests.swift; sourceTree = "<group>"; };
		58A46C6E20BA6E170006D522 /* Info.plist */ = {isa = PBXFileReference; lastKnownFileType = text.plist.xml; path = Info.plist; sourceTree = "<group>"; };
/* End PBXFileReference section */

/* Begin PBXFrameworksBuildPhase section */
		58A46C4820BA6E170006D522 /* Frameworks */ = {
			isa = PBXFrameworksBuildPhase;
			buildActionMask = 2147483647;
			files = (
			);
			runOnlyForDeploymentPostprocessing = 0;
		};
		58A46C5A20BA6E170006D522 /* Frameworks */ = {
			isa = PBXFrameworksBuildPhase;
			buildActionMask = 2147483647;
			files = (
			);
			runOnlyForDeploymentPostprocessing = 0;
		};
		58A46C6520BA6E170006D522 /* Frameworks */ = {
			isa = PBXFrameworksBuildPhase;
			buildActionMask = 2147483647;
			files = (
			);
			runOnlyForDeploymentPostprocessing = 0;
		};
/* End PBXFrameworksBuildPhase section */

/* Begin PBXGroup section */
		58A46C4220BA6E170006D522 = {
			isa = PBXGroup;
			children = (
				58A46C4D20BA6E170006D522 /* HelloWorld-1 */,
				58A46C6020BA6E170006D522 /* HelloWorld-1Tests */,
				58A46C6B20BA6E170006D522 /* HelloWorld-1UITests */,
				58A46C4C20BA6E170006D522 /* Products */,
			);
			sourceTree = "<group>";
		};
		58A46C4C20BA6E170006D522 /* Products */ = {
			isa = PBXGroup;
			children = (
				58A46C4B20BA6E170006D522 /* HelloWorld-1.app */,
				58A46C5D20BA6E170006D522 /* HelloWorld-1Tests.xctest */,
				58A46C6820BA6E170006D522 /* HelloWorld-1UITests.xctest */,
			);
			name = Products;
			sourceTree = "<group>";
		};
		58A46C4D20BA6E170006D522 /* HelloWorld-1 */ = {
			isa = PBXGroup;
			children = (
				58A46C4E20BA6E170006D522 /* AppDelegate.swift */,
				58A46C5020BA6E170006D522 /* ViewController.swift */,
				58A46C5220BA6E170006D522 /* Assets.xcassets */,
				58A46C5420BA6E170006D522 /* Main.storyboard */,
				58A46C5720BA6E170006D522 /* Info.plist */,
				58A46C5820BA6E170006D522 /* HelloWorld_1.entitlements */,
			);
			path = "HelloWorld-1";
			sourceTree = "<group>";
		};
		58A46C6020BA6E170006D522 /* HelloWorld-1Tests */ = {
			isa = PBXGroup;
			children = (
				58A46C6120BA6E170006D522 /* HelloWorld_1Tests.swift */,
				58A46C6320BA6E170006D522 /* Info.plist */,
			);
			path = "HelloWorld-1Tests";
			sourceTree = "<group>";
		};
		58A46C6B20BA6E170006D522 /* HelloWorld-1UITests */ = {
			isa = PBXGroup;
			children = (
				58A46C6C20BA6E170006D522 /* HelloWorld_1UITests.swift */,
				58A46C6E20BA6E170006D522 /* Info.plist */,
			);
			path = "HelloWorld-1UITests";
			sourceTree = "<group>";
		};
/* End PBXGroup section */

/* Begin PBXNativeTarget section */
		58A46C4A20BA6E170006D522 /* HelloWorld-1 */ = {
			isa = PBXNativeTarget;
			buildConfigurationList = 58A46C7120BA6E170006D522 /* Build configuration list for PBXNativeTarget "HelloWorld-1" */;
			buildPhases = (
				58A46C4720BA6E170006D522 /* Sources */,
				58A46C4820BA6E170006D522 /* Frameworks */,
				58A46C4920BA6E170006D522 /* Resources */,
			);
			buildRules = (
			);
			dependencies = (
			);
			name = "HelloWorld-1";
			productName = "HelloWorld-1";
			productReference = 58A46C4B20BA6E170006D522 /* HelloWorld-1.app */;
			productType = "com.apple.product-type.application";
		};
		58A46C5C20BA6E170006D522 /* HelloWorld-1Tests */ = {
			isa = PBXNativeTarget;
			buildConfigurationList = 58A46C7420BA6E170006D522 /* Build configuration list for PBXNativeTarget "HelloWorld-1Tests" */;
			buildPhases = (
				58A46C5920BA6E170006D522 /* Sources */,
				58A46C5A20BA6E170006D522 /* Frameworks */,
				58A46C5B20BA6E170006D522 /* Resources */,
			);
			buildRules = (
			);
			dependencies = (
				58A46C5F20BA6E170006D522 /* PBXTargetDependency */,
			);
			name = "HelloWorld-1Tests";
			productName = "HelloWorld-1Tests";
			productReference = 58A46C5D20BA6E170006D522 /* HelloWorld-1Tests.xctest */;
			productType = "com.apple.product-type.bundle.unit-test";
		};
		58A46C6720BA6E170006D522 /* HelloWorld-1UITests */ = {
			isa = PBXNativeTarget;
			buildConfigurationList = 58A46C7720BA6E170006D522 /* Build configuration list for PBXNativeTarget "HelloWorld-1UITests" */;
			buildPhases = (
				58A46C6420BA6E170006D522 /* Sources */,
				58A46C6520BA6E170006D522 /* Frameworks */,
				58A46C6620BA6E170006D522 /* Resources */,
			);
			buildRules = (
			);
			dependencies = (
				58A46C6A20BA6E170006D522 /* PBXTargetDependency */,
			);
			name = "HelloWorld-1UITests";
			productName = "HelloWorld-1UITests";
			productReference = 58A46C6820BA6E170006D522 /* HelloWorld-1UITests.xctest */;
			productType = "com.apple.product-type.bundle.ui-testing";
		};
/* End PBXNativeTarget section */

/* Begin PBXProject section */
		58A46C4320BA6E170006D522 /* Project object */ = {
			isa = PBXProject;
			attributes = {
				LastSwiftUpdateCheck = 0920;
				LastUpgradeCheck = 0920;
				ORGANIZATIONNAME = "Graham Allen";
				TargetAttributes = {
					58A46C4A20BA6E170006D522 = {
						CreatedOnToolsVersion = 9.2;
						ProvisioningStyle = Automatic;
					};
					58A46C5C20BA6E170006D522 = {
						CreatedOnToolsVersion = 9.2;
						ProvisioningStyle = Automatic;
						TestTargetID = 58A46C4A20BA6E170006D522;
					};
					58A46C6720BA6E170006D522 = {
						CreatedOnToolsVersion = 9.2;
						ProvisioningStyle = Automatic;
						TestTargetID = 58A46C4A20BA6E170006D522;
					};
				};
			};
			buildConfigurationList = 58A46C4620BA6E170006D522 /* Build configuration list for PBXProject "HelloWorld-1" */;
			compatibilityVersion = "Xcode 8.0";
			developmentRegion = en;
			hasScannedForEncodings = 0;
			knownRegions = (
				en,
				Base,
			);
			mainGroup = 58A46C4220BA6E170006D522;
			productRefGroup = 58A46C4C20BA6E170006D522 /* Products */;
			projectDirPath = "";
			projectRoot = "";
			targets = (
				58A46C4A20BA6E170006D522 /* HelloWorld-1 */,
				58A46C5C20BA6E170006D522 /* HelloWorld-1Tests */,
				58A46C6720BA6E170006D522 /* HelloWorld-1UITests */,
			);
		};
/* End PBXProject section */

/* Begin PBXResourcesBuildPhase section */
		58A46C4920BA6E170006D522 /* Resources */ = {
			isa = PBXResourcesBuildPhase;
			buildActionMask = 2147483647;
			files = (
				58A46C5320BA6E170006D522 /* Assets.xcassets in Resources */,
				58A46C5620BA6E170006D522 /* Main.storyboard in Resources */,
			);
			runOnlyForDeploymentPostprocessing = 0;
		};
		58A46C5B20BA6E170006D522 /* Resources */ = {
			isa = PBXResourcesBuildPhase;
			buildActionMask = 2147483647;
			files = (
			);
			runOnlyForDeploymentPostprocessing = 0;
		};
		58A46C6620BA6E170006D522 /* Resources */ = {
			isa = PBXResourcesBuildPhase;
			buildActionMask = 2147483647;
			files = (
			);
			runOnlyForDeploymentPostprocessing = 0;
		};
/* End PBXResourcesBuildPhase section */

/* Begin PBXSourcesBuildPhase section */
		58A46C4720BA6E170006D522 /* Sources */ = {
			isa = PBXSourcesBuildPhase;
			buildActionMask = 2147483647;
			files = (
				58A46C5120BA6E170006D522 /* ViewController.swift in Sources */,
				58A46C4F20BA6E170006D522 /* AppDelegate.swift in Sources */,
			);
			runOnlyForDeploymentPostprocessing = 0;
		};
		58A46C5920BA6E170006D522 /* Sources */ = {
			isa = PBXSourcesBuildPhase;
			buildActionMask = 2147483647;
			files = (
				58A46C6220BA6E170006D522 /* HelloWorld_1Tests.swift in Sources */,
			);
			runOnlyForDeploymentPostprocessing = 0;
		};
		58A46C6420BA6E170006D522 /* Sources */ = {
			isa = PBXSourcesBuildPhase;
			buildActionMask = 2147483647;
			files = (
				58A46C6D20BA6E170006D522 /* HelloWorld_1UITests.swift in Sources */,
			);
			runOnlyForDeploymentPostprocessing = 0;
		};
/* End PBXSourcesBuildPhase section */

/* Begin PBXTargetDependency section */
		58A46C5F20BA6E170006D522 /* PBXTargetDependency */ = {
			isa = PBXTargetDependency;
			target = 58A46C4A20BA6E170006D522 /* HelloWorld-1 */;
			targetProxy = 58A46C5E20BA6E170006D522 /* PBXContainerItemProxy */;
		};
		58A46C6A20BA6E170006D522 /* PBXTargetDependency */ = {
			isa = PBXTargetDependency;
			target = 58A46C4A20BA6E170006D522 /* HelloWorld-1 */;
			targetProxy = 58A46C6920BA6E170006D522 /* PBXContainerItemProxy */;
		};
/* End PBXTargetDependency section */

/* Begin PBXVariantGroup section */
		58A46C5420BA6E170006D522 /* Main.storyboard */ = {
			isa = PBXVariantGroup;
			children = (
				58A46C5520BA6E170006D522 /* Base */,
			);
			name = Main.storyboard;
			sourceTree = "<group>";
		};
/* End PBXVariantGroup section */

/* Begin XCBuildConfiguration section */
		58A46C6F20BA6E170006D522 /* Debug */ = {
			isa = XCBuildConfiguration;
			buildSettings = {
				ALWAYS_SEARCH_USER_PATHS = NO;
				CLANG_ANALYZER_NONNULL = YES;
				CLANG_ANALYZER_NUMBER_OBJECT_CONVERSION = YES_AGGRESSIVE;
				CLANG_CXX_LANGUAGE_STANDARD = "gnu++14";
				CLANG_CXX_LIBRARY = "libc++";
				CLANG_ENABLE_MODULES = YES;
				CLANG_ENABLE_OBJC_ARC = YES;
				CLANG_WARN_BLOCK_CAPTURE_AUTORELEASING = YES;
				CLANG_WARN_BOOL_CONVERSION = YES;
				CLANG_WARN_COMMA = YES;
				CLANG_WARN_CONSTANT_CONVERSION = YES;
				CLANG_WARN_DIRECT_OBJC_ISA_USAGE = YES_ERROR;
				CLANG_WARN_DOCUMENTATION_COMMENTS = YES;
				CLANG_WARN_EMPTY_BODY = YES;
				CLANG_WARN_ENUM_CONVERSION = YES;
				CLANG_WARN_INFINITE_RECURSION = YES;
				CLANG_WARN_INT_CONVERSION = YES;
				CLANG_WARN_NON_LITERAL_NULL_CONVERSION = YES;
				CLANG_WARN_OBJC_LITERAL_CONVERSION = YES;
				CLANG_WARN_OBJC_ROOT_CLASS = YES_ERROR;
				CLANG_WARN_RANGE_LOOP_ANALYSIS = YES;
				CLANG_WARN_STRICT_PROTOTYPES = YES;
				CLANG_WARN_SUSPICIOUS_MOVE = YES;
				CLANG_WARN_UNGUARDED_AVAILABILITY = YES_AGGRESSIVE;
				CLANG_WARN_UNREACHABLE_CODE = YES;
				CLANG_WARN__DUPLICATE_METHOD_MATCH = YES;
				CODE_SIGN_IDENTITY = "-";
				COPY_PHASE_STRIP = NO;
				DEBUG_INFORMATION_FORMAT = dwarf;
				ENABLE_STRICT_OBJC_MSGSEND = YES;
				ENABLE_TESTABILITY = YES;
				GCC_C_LANGUAGE_STANDARD = gnu11;
				GCC_DYNAMIC_NO_PIC = NO;
				GCC_NO_COMMON_BLOCKS = YES;
				GCC_OPTIMIZATION_LEVEL = 0;
				GCC_PREPROCESSOR_DEFINITIONS = (
					"DEBUG=1",
					"$(inherited)",
				);
				GCC_WARN_64_TO_32_BIT_CONVERSION = YES;
				GCC_WARN_ABOUT_RETURN_TYPE = YES_ERROR;
				GCC_WARN_UNDECLARED_SELECTOR = YES;
				GCC_WARN_UNINITIALIZED_AUTOS = YES_AGGRESSIVE;
				GCC_WARN_UNUSED_FUNCTION = YES;
				GCC_WARN_UNUSED_VARIABLE = YES;
				MACOSX_DEPLOYMENT_TARGET = 10.13;
				MTL_ENABLE_DEBUG_INFO = YES;
				ONLY_ACTIVE_ARCH = YES;
				SDKROOT = macosx;
				SWIFT_ACTIVE_COMPILATION_CONDITIONS = DEBUG;
				SWIFT_OPTIMIZATION_LEVEL = "-Onone";
			};
			name = Debug;
		};
		58A46C7020BA6E170006D522 /* Release */ = {
			isa = XCBuildConfiguration;
			buildSettings = {
				ALWAYS_SEARCH_USER_PATHS = NO;
				CLANG_ANALYZER_NONNULL = YES;
				CLANG_ANALYZER_NUMBER_OBJECT_CONVERSION = YES_AGGRESSIVE;
				CLANG_CXX_LANGUAGE_STANDARD = "gnu++14";
				CLANG_CXX_LIBRARY = "libc++";
				CLANG_ENABLE_MODULES = YES;
				CLANG_ENABLE_OBJC_ARC = YES;
				CLANG_WARN_BLOCK_CAPTURE_AUTORELEASING = YES;
				CLANG_WARN_BOOL_CONVERSION = YES;
				CLANG_WARN_COMMA = YES;
				CLANG_WARN_CONSTANT_CONVERSION = YES;
				CLANG_WARN_DIRECT_OBJC_ISA_USAGE = YES_ERROR;
				CLANG_WARN_DOCUMENTATION_COMMENTS = YES;
				CLANG_WARN_EMPTY_BODY = YES;
				CLANG_WARN_ENUM_CONVERSION = YES;
				CLANG_WARN_INFINITE_RECURSION = YES;
				CLANG_WARN_INT_CONVERSION = YES;
				CLANG_WARN_NON_LITERAL_NULL_CONVERSION = YES;
				CLANG_WARN_OBJC_LITERAL_CONVERSION = YES;
				CLANG_WARN_OBJC_ROOT_CLASS = YES_ERROR;
				CLANG_WARN_RANGE_LOOP_ANALYSIS = YES;
				CLANG_WARN_STRICT_PROTOTYPES = YES;
				CLANG_WARN_SUSPICIOUS_MOVE = YES;
				CLANG_WARN_UNGUARDED_AVAILABILITY = YES_AGGRESSIVE;
				CLANG_WARN_UNREACHABLE_CODE = YES;
				CLANG_WARN__DUPLICATE_METHOD_MATCH = YES;
				CODE_SIGN_IDENTITY = "-";
				COPY_PHASE_STRIP = NO;
				DEBUG_INFORMATION_FORMAT = "dwarf-with-dsym";
				ENABLE_NS_ASSERTIONS = NO;
				ENABLE_STRICT_OBJC_MSGSEND = YES;
				GCC_C_LANGUAGE_STANDARD = gnu11;
				GCC_NO_COMMON_BLOCKS = YES;
				GCC_WARN_64_TO_32_BIT_CONVERSION = YES;
				GCC_WARN_ABOUT_RETURN_TYPE = YES_ERROR;
				GCC_WARN_UNDECLARED_SELECTOR = YES;
				GCC_WARN_UNINITIALIZED_AUTOS = YES_AGGRESSIVE;
				GCC_WARN_UNUSED_FUNCTION = YES;
				GCC_WARN_UNUSED_VARIABLE = YES;
				MACOSX_DEPLOYMENT_TARGET = 10.13;
				MTL_ENABLE_DEBUG_INFO = NO;
				SDKROOT = macosx;
				SWIFT_OPTIMIZATION_LEVEL = "-Owholemodule";
			};
			name = Release;
		};
		58A46C7220BA6E170006D522 /* Debug */ = {
			isa = XCBuildConfiguration;
			buildSettings = {
				ASSETCATALOG_COMPILER_APPICON_NAME = AppIcon;
				CODE_SIGN_ENTITLEMENTS = "HelloWorld-1/HelloWorld_1.entitlements";
				CODE_SIGN_STYLE = Automatic;
				COMBINE_HIDPI_IMAGES = YES;
				INFOPLIST_FILE = "HelloWorld-1/Info.plist";
				LD_RUNPATH_SEARCH_PATHS = "$(inherited) @executable_path/../Frameworks";
				PRODUCT_BUNDLE_IDENTIFIER = "graham-develops.HelloWorld-1";
				PRODUCT_NAME = "$(TARGET_NAME)";
				SWIFT_VERSION = 4.0;
			};
			name = Debug;
		};
		58A46C7320BA6E170006D522 /* Release */ = {
			isa = XCBuildConfiguration;
			buildSettings = {
				ASSETCATALOG_COMPILER_APPICON_NAME = AppIcon;
				CODE_SIGN_ENTITLEMENTS = "HelloWorld-1/HelloWorld_1.entitlements";
				CODE_SIGN_STYLE = Automatic;
				COMBINE_HIDPI_IMAGES = YES;
				INFOPLIST_FILE = "HelloWorld-1/Info.plist";
				LD_RUNPATH_SEARCH_PATHS = "$(inherited) @executable_path/../Frameworks";
				PRODUCT_BUNDLE_IDENTIFIER = "graham-develops.HelloWorld-1";
				PRODUCT_NAME = "$(TARGET_NAME)";
				SWIFT_VERSION = 4.0;
			};
			name = Release;
		};
		58A46C7520BA6E170006D522 /* Debug */ = {
			isa = XCBuildConfiguration;
			buildSettings = {
				ALWAYS_EMBED_SWIFT_STANDARD_LIBRARIES = YES;
				BUNDLE_LOADER = "$(TEST_HOST)";
				CODE_SIGN_STYLE = Automatic;
				COMBINE_HIDPI_IMAGES = YES;
				INFOPLIST_FILE = "HelloWorld-1Tests/Info.plist";
				LD_RUNPATH_SEARCH_PATHS = "$(inherited) @executable_path/../Frameworks @loader_path/../Frameworks";
				PRODUCT_BUNDLE_IDENTIFIER = "graham-develops.HelloWorld-1Tests";
				PRODUCT_NAME = "$(TARGET_NAME)";
				SWIFT_VERSION = 4.0;
				TEST_HOST = "$(BUILT_PRODUCTS_DIR)/HelloWorld-1.app/Contents/MacOS/HelloWorld-1";
			};
			name = Debug;
		};
		58A46C7620BA6E170006D522 /* Release */ = {
			isa = XCBuildConfiguration;
			buildSettings = {
				ALWAYS_EMBED_SWIFT_STANDARD_LIBRARIES = YES;
				BUNDLE_LOADER = "$(TEST_HOST)";
				CODE_SIGN_STYLE = Automatic;
				COMBINE_HIDPI_IMAGES = YES;
				INFOPLIST_FILE = "HelloWorld-1Tests/Info.plist";
				LD_RUNPATH_SEARCH_PATHS = "$(inherited) @executable_path/../Frameworks @loader_path/../Frameworks";
				PRODUCT_BUNDLE_IDENTIFIER = "graham-develops.HelloWorld-1Tests";
				PRODUCT_NAME = "$(TARGET_NAME)";
				SWIFT_VERSION = 4.0;
				TEST_HOST = "$(BUILT_PRODUCTS_DIR)/HelloWorld-1.app/Contents/MacOS/HelloWorld-1";
			};
			name = Release;
		};
		58A46C7820BA6E170006D522 /* Debug */ = {
			isa = XCBuildConfiguration;
			buildSettings = {
				ALWAYS_EMBED_SWIFT_STANDARD_LIBRARIES = YES;
				CODE_SIGN_STYLE = Automatic;
				COMBINE_HIDPI_IMAGES = YES;
				INFOPLIST_FILE = "HelloWorld-1UITests/Info.plist";
				LD_RUNPATH_SEARCH_PATHS = "$(inherited) @executable_path/../Frameworks @loader_path/../Frameworks";
				PRODUCT_BUNDLE_IDENTIFIER = "graham-develops.HelloWorld-1UITests";
				PRODUCT_NAME = "$(TARGET_NAME)";
				SWIFT_VERSION = 4.0;
				TEST_TARGET_NAME = "HelloWorld-1";
			};
			name = Debug;
		};
		58A46C7920BA6E170006D522 /* Release */ = {
			isa = XCBuildConfiguration;
			buildSettings = {
				ALWAYS_EMBED_SWIFT_STANDARD_LIBRARIES = YES;
				CODE_SIGN_STYLE = Automatic;
				COMBINE_HIDPI_IMAGES = YES;
				INFOPLIST_FILE = "HelloWorld-1UITests/Info.plist";
				LD_RUNPATH_SEARCH_PATHS = "$(inherited) @executable_path/../Frameworks @loader_path/../Frameworks";
				PRODUCT_BUNDLE_IDENTIFIER = "graham-develops.HelloWorld-1UITests";
				PRODUCT_NAME = "$(TARGET_NAME)";
				SWIFT_VERSION = 4.0;
				TEST_TARGET_NAME = "HelloWorld-1";
			};
			name = Release;
		};
/* End XCBuildConfiguration section */

/* Begin XCConfigurationList section */
		58A46C4620BA6E170006D522 /* Build configuration list for PBXProject "HelloWorld-1" */ = {
			isa = XCConfigurationList;
			buildConfigurations = (
				58A46C6F20BA6E170006D522 /* Debug */,
				58A46C7020BA6E170006D522 /* Release */,
			);
			defaultConfigurationIsVisible = 0;
			defaultConfigurationName = Release;
		};
		58A46C7120BA6E170006D522 /* Build configuration list for PBXNativeTarget "HelloWorld-1" */ = {
			isa = XCConfigurationList;
			buildConfigurations = (
				58A46C7220BA6E170006D522 /* Debug */,
				58A46C7320BA6E170006D522 /* Release */,
			);
			defaultConfigurationIsVisible = 0;
			defaultConfigurationName = Release;
		};
		58A46C7420BA6E170006D522 /* Build configuration list for PBXNativeTarget "HelloWorld-1Tests" */ = {
			isa = XCConfigurationList;
			buildConfigurations = (
				58A46C7520BA6E170006D522 /* Debug */,
				58A46C7620BA6E170006D522 /* Release */,
			);
			defaultConfigurationIsVisible = 0;
			defaultConfigurationName = Release;
		};
		58A46C7720BA6E170006D522 /* Build configuration list for PBXNativeTarget "HelloWorld-1UITests" */ = {
			isa = XCConfigurationList;
			buildConfigurations = (
				58A46C7820BA6E170006D522 /* Debug */,
				58A46C7920BA6E170006D522 /* Release */,
			);
			defaultConfigurationIsVisible = 0;
			defaultConfigurationName = Release;
		};
/* End XCConfigurationList section */
	};
	rootObject = 58A46C4320BA6E170006D522 /* Project object */;
}
